
Microsoft Visual Studio Solution File, Format Version 12.00
# Visual Studio 15
VisualStudioVersion = 15.0.27703.2042
MinimumVisualStudioVersion = 10.0.40219.1
Project("{FAE04EC0-301F-11D3-BF4B-00C04F79EFBC}") = "BackEnd", "BackEnd\BackEnd.csproj", "{8349395A-CC06-4184-AB4E-76A51D0FDEE3}"
EndProject
Project("{E24C65DC-7377-472B-9ABA-BC803B73C61A}") = "FrontEnd(1)", "FrontEnd\", "{F33854FA-1A71-47C4-B851-31CF98A478D4}"
	ProjectSection(WebsiteProperties) = preProject
		TargetFrameworkMoniker = ".NETFramework,Version%3Dv4.0"
		Debug.AspNetCompiler.VirtualPath = "/localhost_61297"
		Debug.AspNetCompiler.PhysicalPath = "FrontEnd\"
		Debug.AspNetCompiler.TargetPath = "PrecompiledWeb\localhost_61297\"
		Debug.AspNetCompiler.Updateable = "true"
		Debug.AspNetCompiler.ForceOverwrite = "true"
		Debug.AspNetCompiler.FixedNames = "false"
		Debug.AspNetCompiler.Debug = "True"
		Release.AspNetCompiler.VirtualPath = "/localhost_61297"
		Release.AspNetCompiler.PhysicalPath = "FrontEnd\"
		Release.AspNetCompiler.TargetPath = "PrecompiledWeb\localhost_61297\"
		Release.AspNetCompiler.Updateable = "true"
		Release.AspNetCompiler.ForceOverwrite = "true"
		Release.AspNetCompiler.FixedNames = "false"
		Release.AspNetCompiler.Debug = "False"
		VWDPort = "61297"
	EndProjectSection
EndProject
Global
	GlobalSection(SolutionConfigurationPlatforms) = preSolution
		Debug|Any CPU = Debug|Any CPU
		Release|Any CPU = Release|Any CPU
	EndGlobalSection
	GlobalSection(ProjectConfigurationPlatforms) = postSolution
		{8349395A-CC06-4184-AB4E-76A51D0FDEE3}.Debug|Any CPU.ActiveCfg = Debug|Any CPU
		{8349395A-CC06-4184-AB4E-76A51D0FDEE3}.Debug|Any CPU.Build.0 = Debug|Any CPU
		{8349395A-CC06-4184-AB4E-76A51D0FDEE3}.Release|Any CPU.ActiveCfg = Release|Any CPU
		{8349395A-CC06-4184-AB4E-76A51D0FDEE3}.Release|Any CPU.Build.0 = Release|Any CPU
		{F33854FA-1A71-47C4-B851-31CF98A478D4}.Debug|Any CPU.ActiveCfg = Debug|Any CPU
		{F33854FA-1A71-47C4-B851-31CF98A478D4}.Debug|Any CPU.Build.0 = Debug|Any CPU
		{F33854FA-1A71-47C4-B851-31CF98A478D4}.Release|Any CPU.ActiveCfg = Debug|Any CPU
		{F33854FA-1A71-47C4-B851-31CF98A478D4}.Release|Any CPU.Build.0 = Debug|Any CPU
	EndGlobalSection
	GlobalSection(SolutionProperties) = preSolution
		HideSolutionNode = FALSE
	EndGlobalSection
	GlobalSection(ExtensibilityGlobals) = postSolution
		SolutionGuid = {C65EABBB-E128-4D79-9D1B-AD39E72A65D6}
	EndGlobalSection
EndGlobal
